
Microsoft Visual Studio Solution File, Format Version 12.00
# Visual Studio Version 17
VisualStudioVersion = 17.0.31903.59
MinimumVisualStudioVersion = 10.0.40219.1
Project("{2150E333-8FDC-42A3-9474-1A3956D46DE8}") = "src", "src", "{827E0CD3-B72D-47B6-A68D-7590B98EB39B}"
EndProject
Project("{FAE04EC0-301F-11D3-BF4B-00C04F79EFBC}") = "CyFast.Windows.Contracts", "src\CyFast.Windows.Contracts\CyFast.Windows.Contracts.csproj", "{A30AC2DF-400E-46E2-92F9-F5699C86AF2E}"
EndProject
Project("{FAE04EC0-301F-11D3-BF4B-00C04F79EFBC}") = "CyFast.Windows.Ipc", "src\CyFast.Windows.Ipc\CyFast.Windows.Ipc.csproj", "{46397FC1-BA0A-4A2C-9D05-AE82AECB4860}"
EndProject
Project("{FAE04EC0-301F-11D3-BF4B-00C04F79EFBC}") = "CyFast.Windows.Uia", "src\CyFast.Windows.Uia\CyFast.Windows.Uia.csproj", "{E7722D6C-4C0B-4B2D-B9E3-647481092E86}"
EndProject
Project("{FAE04EC0-301F-11D3-BF4B-00C04F79EFBC}") = "CyFast.Windows.Agent", "src\CyFast.Windows.Agent\CyFast.Windows.Agent.csproj", "{F3155499-8314-45B0-B29C-F21DB11B3868}"
EndProject
Project("{FAE04EC0-301F-11D3-BF4B-00C04F79EFBC}") = "CyFast.Windows.SessionHost", "src\CyFast.Windows.SessionHost\CyFast.Windows.SessionHost.csproj", "{D2847566-89FD-43FE-9DDC-DBD5AC6FD71F}"
EndProject
Project("{FAE04EC0-301F-11D3-BF4B-00C04F79EFBC}") = "CyFast.Windows.Agent.Tests", "tests\CyFast.Windows.Agent.Tests\CyFast.Windows.Agent.Tests.csproj", "{1D7136F2-A257-408F-BD5D-99A3E238E909}"
EndProject
Project("{FAE04EC0-301F-11D3-BF4B-00C04F79EFBC}") = "CyFast.Windows.SessionHost.Tests", "tests\CyFast.Windows.SessionHost.Tests\CyFast.Windows.SessionHost.Tests.csproj", "{33AE2045-A785-42D3-9DFF-8A1C7569780E}"
EndProject
Project("{FAE04EC0-301F-11D3-BF4B-00C04F79EFBC}") = "CyFast.Windows.Uia.Tests", "tests\CyFast.Windows.Uia.Tests\CyFast.Windows.Uia.Tests.csproj", "{E6E53A16-5C50-4482-8EF9-A46893BEBEC9}"
EndProject
Project("{FAE04EC0-301F-11D3-BF4B-00C04F79EFBC}") = "CyFast.Windows.TestFixture", "tests\fixtures\CyFast.Windows.TestFixture\CyFast.Windows.TestFixture.csproj", "{633175DD-D3F6-493B-A184-4CFAE19FEAF0}"
EndProject
Global
	GlobalSection(SolutionConfigurationPlatforms) = preSolution
		Debug|Any CPU = Debug|Any CPU
		Debug|x64 = Debug|x64
		Debug|x86 = Debug|x86
		Release|Any CPU = Release|Any CPU
		Release|x64 = Release|x64
		Release|x86 = Release|x86
	EndGlobalSection
	GlobalSection(ProjectConfigurationPlatforms) = postSolution
		{A30AC2DF-400E-46E2-92F9-F5699C86AF2E}.Debug|Any CPU.ActiveCfg = Debug|Any CPU
		{A30AC2DF-400E-46E2-92F9-F5699C86AF2E}.Debug|Any CPU.Build.0 = Debug|Any CPU
		{A30AC2DF-400E-46E2-92F9-F5699C86AF2E}.Debug|x64.ActiveCfg = Debug|Any CPU
		{A30AC2DF-400E-46E2-92F9-F5699C86AF2E}.Debug|x64.Build.0 = Debug|Any CPU
		{A30AC2DF-400E-46E2-92F9-F5699C86AF2E}.Debug|x86.ActiveCfg = Debug|Any CPU
		{A30AC2DF-400E-46E2-92F9-F5699C86AF2E}.Debug|x86.Build.0 = Debug|Any CPU
		{A30AC2DF-400E-46E2-92F9-F5699C86AF2E}.Release|Any CPU.ActiveCfg = Release|Any CPU
		{A30AC2DF-400E-46E2-92F9-F5699C86AF2E}.Release|Any CPU.Build.0 = Release|Any CPU
		{A30AC2DF-400E-46E2-92F9-F5699C86AF2E}.Release|x64.ActiveCfg = Release|Any CPU
		{A30AC2DF-400E-46E2-92F9-F5699C86AF2E}.Release|x64.Build.0 = Release|Any CPU
		{A30AC2DF-400E-46E2-92F9-F5699C86AF2E}.Release|x86.ActiveCfg = Release|Any CPU
		{A30AC2DF-400E-46E2-92F9-F5699C86AF2E}.Release|x86.Build.0 = Release|Any CPU
		{46397FC1-BA0A-4A2C-9D05-AE82AECB4860}.Debug|Any CPU.ActiveCfg = Debug|Any CPU
		{46397FC1-BA0A-4A2C-9D05-AE82AECB4860}.Debug|Any CPU.Build.0 = Debug|Any CPU
		{46397FC1-BA0A-4A2C-9D05-AE82AECB4860}.Debug|x64.ActiveCfg = Debug|Any CPU
		{46397FC1-BA0A-4A2C-9D05-AE82AECB4860}.Debug|x64.Build.0 = Debug|Any CPU
		{46397FC1-BA0A-4A2C-9D05-AE82AECB4860}.Debug|x86.ActiveCfg = Debug|Any CPU
		{46397FC1-BA0A-4A2C-9D05-AE82AECB4860}.Debug|x86.Build.0 = Debug|Any CPU
		{46397FC1-BA0A-4A2C-9D05-AE82AECB4860}.Release|Any CPU.ActiveCfg = Release|Any CPU
		{46397FC1-BA0A-4A2C-9D05-AE82AECB4860}.Release|Any CPU.Build.0 = Release|Any CPU
		{46397FC1-BA0A-4A2C-9D05-AE82AECB4860}.Release|x64.ActiveCfg = Release|Any CPU
		{46397FC1-BA0A-4A2C-9D05-AE82AECB4860}.Release|x64.Build.0 = Release|Any CPU
		{46397FC1-BA0A-4A2C-9D05-AE82AECB4860}.Release|x86.ActiveCfg = Release|Any CPU
		{46397FC1-BA0A-4A2C-9D05-AE82AECB4860}.Release|x86.Build.0 = Release|Any CPU
		{E7722D6C-4C0B-4B2D-B9E3-647481092E86}.Debug|Any CPU.ActiveCfg = Debug|Any CPU
		{E7722D6C-4C0B-4B2D-B9E3-647481092E86}.Debug|Any CPU.Build.0 = Debug|Any CPU
		{E7722D6C-4C0B-4B2D-B9E3-647481092E86}.Debug|x64.ActiveCfg = Debug|Any CPU
		{E7722D6C-4C0B-4B2D-B9E3-647481092E86}.Debug|x64.Build.0 = Debug|Any CPU
		{E7722D6C-4C0B-4B2D-B9E3-647481092E86}.Debug|x86.ActiveCfg = Debug|Any CPU
		{E7722D6C-4C0B-4B2D-B9E3-647481092E86}.Debug|x86.Build.0 = Debug|Any CPU
		{E7722D6C-4C0B-4B2D-B9E3-647481092E86}.Release|Any CPU.ActiveCfg = Release|Any CPU
		{E7722D6C-4C0B-4B2D-B9E3-647481092E86}.Release|Any CPU.Build.0 = Release|Any CPU
		{E7722D6C-4C0B-4B2D-B9E3-647481092E86}.Release|x64.ActiveCfg = Release|Any CPU
		{E7722D6C-4C0B-4B2D-B9E3-647481092E86}.Release|x64.Build.0 = Release|Any CPU
		{E7722D6C-4C0B-4B2D-B9E3-647481092E86}.Release|x86.ActiveCfg = Release|Any CPU
		{E7722D6C-4C0B-4B2D-B9E3-647481092E86}.Release|x86.Build.0 = Release|Any CPU
		{F3155499-8314-45B0-B29C-F21DB11B3868}.Debug|Any CPU.ActiveCfg = Debug|Any CPU
		{F3155499-8314-45B0-B29C-F21DB11B3868}.Debug|Any CPU.Build.0 = Debug|Any CPU
		{F3155499-8314-45B0-B29C-F21DB11B3868}.Debug|x64.ActiveCfg = Debug|Any CPU
		{F3155499-8314-45B0-B29C-F21DB11B3868}.Debug|x64.Build.0 = Debug|Any CPU
		{F3155499-8314-45B0-B29C-F21DB11B3868}.Debug|x86.ActiveCfg = Debug|Any CPU
		{F3155499-8314-45B0-B29C-F21DB11B3868}.Debug|x86.Build.0 = Debug|Any CPU
		{F3155499-8314-45B0-B29C-F21DB11B3868}.Release|Any CPU.ActiveCfg = Release|Any CPU
		{F3155499-8314-45B0-B29C-F21DB11B3868}.Release|Any CPU.Build.0 = Release|Any CPU
		{F3155499-8314-45B0-B29C-F21DB11B3868}.Release|x64.ActiveCfg = Release|Any CPU
		{F3155499-8314-45B0-B29C-F21DB11B3868}.Release|x64.Build.0 = Release|Any CPU
		{F3155499-8314-45B0-B29C-F21DB11B3868}.Release|x86.ActiveCfg = Release|Any CPU
		{F3155499-8314-45B0-B29C-F21DB11B3868}.Release|x86.Build.0 = Release|Any CPU
		{D2847566-89FD-43FE-9DDC-DBD5AC6FD71F}.Debug|Any CPU.ActiveCfg = Debug|Any CPU
		{D2847566-89FD-43FE-9DDC-DBD5AC6FD71F}.Debug|Any CPU.Build.0 = Debug|Any CPU
		{D2847566-89FD-43FE-9DDC-DBD5AC6FD71F}.Debug|x64.ActiveCfg = Debug|Any CPU
		{D2847566-89FD-43FE-9DDC-DBD5AC6FD71F}.Debug|x64.Build.0 = Debug|Any CPU
		{D2847566-89FD-43FE-9DDC-DBD5AC6FD71F}.Debug|x86.ActiveCfg = Debug|Any CPU
		{D2847566-89FD-43FE-9DDC-DBD5AC6FD71F}.Debug|x86.Build.0 = Debug|Any CPU
		{D2847566-89FD-43FE-9DDC-DBD5AC6FD71F}.Release|Any CPU.ActiveCfg = Release|Any CPU
		{D2847566-89FD-43FE-9DDC-DBD5AC6FD71F}.Release|Any CPU.Build.0 = Release|Any CPU
		{D2847566-89FD-43FE-9DDC-DBD5AC6FD71F}.Release|x64.ActiveCfg = Release|Any CPU
		{D2847566-89FD-43FE-9DDC-DBD5AC6FD71F}.Release|x64.Build.0 = Release|Any CPU
		{D2847566-89FD-43FE-9DDC-DBD5AC6FD71F}.Release|x86.ActiveCfg = Release|Any CPU
		{D2847566-89FD-43FE-9DDC-DBD5AC6FD71F}.Release|x86.Build.0 = Release|Any CPU
		{1D7136F2-A257-408F-BD5D-99A3E238E909}.Debug|Any CPU.ActiveCfg = Debug|Any CPU
		{1D7136F2-A257-408F-BD5D-99A3E238E909}.Debug|Any CPU.Build.0 = Debug|Any CPU
		{1D7136F2-A257-408F-BD5D-99A3E238E909}.Debug|x64.ActiveCfg = Debug|Any CPU
		{1D7136F2-A257-408F-BD5D-99A3E238E909}.Debug|x64.Build.0 = Debug|Any CPU
		{1D7136F2-A257-408F-BD5D-99A3E238E909}.Debug|x86.ActiveCfg = Debug|Any CPU
		{1D7136F2-A257-408F-BD5D-99A3E238E909}.Debug|x86.Build.0 = Debug|Any CPU
		{1D7136F2-A257-408F-BD5D-99A3E238E909}.Release|Any CPU.ActiveCfg = Release|Any CPU
		{1D7136F2-A257-408F-BD5D-99A3E238E909}.Release|Any CPU.Build.0 = Release|Any CPU
		{1D7136F2-A257-408F-BD5D-99A3E238E909}.Release|x64.ActiveCfg = Release|Any CPU
		{1D7136F2-A257-408F-BD5D-99A3E238E909}.Release|x64.Build.0 = Release|Any CPU
		{1D7136F2-A257-408F-BD5D-99A3E238E909}.Release|x86.ActiveCfg = Release|Any CPU
		{1D7136F2-A257-408F-BD5D-99A3E238E909}.Release|x86.Build.0 = Release|Any CPU
		{33AE2045-A785-42D3-9DFF-8A1C7569780E}.Debug|Any CPU.ActiveCfg = Debug|Any CPU
		{33AE2045-A785-42D3-9DFF-8A1C7569780E}.Debug|Any CPU.Build.0 = Debug|Any CPU
		{33AE2045-A785-42D3-9DFF-8A1C7569780E}.Debug|x64.ActiveCfg = Debug|Any CPU
		{33AE2045-A785-42D3-9DFF-8A1C7569780E}.Debug|x64.Build.0 = Debug|Any CPU
		{33AE2045-A785-42D3-9DFF-8A1C7569780E}.Debug|x86.ActiveCfg = Debug|Any CPU
		{33AE2045-A785-42D3-9DFF-8A1C7569780E}.Debug|x86.Build.0 = Debug|Any CPU
		{33AE2045-A785-42D3-9DFF-8A1C7569780E}.Release|Any CPU.ActiveCfg = Release|Any CPU
		{33AE2045-A785-42D3-9DFF-8A1C7569780E}.Release|Any CPU.Build.0 = Release|Any CPU
		{33AE2045-A785-42D3-9DFF-8A1C7569780E}.Release|x64.ActiveCfg = Release|Any CPU
		{33AE2045-A785-42D3-9DFF-8A1C7569780E}.Release|x64.Build.0 = Release|Any CPU
		{33AE2045-A785-42D3-9DFF-8A1C7569780E}.Release|x86.ActiveCfg = Release|Any CPU
		{33AE2045-A785-42D3-9DFF-8A1C7569780E}.Release|x86.Build.0 = Release|Any CPU
		{E6E53A16-5C50-4482-8EF9-A46893BEBEC9}.Debug|Any CPU.ActiveCfg = Debug|Any CPU
		{E6E53A16-5C50-4482-8EF9-A46893BEBEC9}.Debug|Any CPU.Build.0 = Debug|Any CPU
		{E6E53A16-5C50-4482-8EF9-A46893BEBEC9}.Debug|x64.ActiveCfg = Debug|Any CPU
		{E6E53A16-5C50-4482-8EF9-A46893BEBEC9}.Debug|x64.Build.0 = Debug|Any CPU
		{E6E53A16-5C50-4482-8EF9-A46893BEBEC9}.Debug|x86.ActiveCfg = Debug|Any CPU
		{E6E53A16-5C50-4482-8EF9-A46893BEBEC9}.Debug|x86.Build.0 = Debug|Any CPU
		{E6E53A16-5C50-4482-8EF9-A46893BEBEC9}.Release|Any CPU.ActiveCfg = Release|Any CPU
		{E6E53A16-5C50-4482-8EF9-A46893BEBEC9}.Release|Any CPU.Build.0 = Release|Any CPU
		{E6E53A16-5C50-4482-8EF9-A46893BEBEC9}.Release|x64.ActiveCfg = Release|Any CPU
		{E6E53A16-5C50-4482-8EF9-A46893BEBEC9}.Release|x64.Build.0 = Release|Any CPU
		{E6E53A16-5C50-4482-8EF9-A46893BEBEC9}.Release|x86.ActiveCfg = Release|Any CPU
		{E6E53A16-5C50-4482-8EF9-A46893BEBEC9}.Release|x86.Build.0 = Release|Any CPU
		{633175DD-D3F6-493B-A184-4CFAE19FEAF0}.Debug|Any CPU.ActiveCfg = Debug|Any CPU
		{633175DD-D3F6-493B-A184-4CFAE19FEAF0}.Debug|Any CPU.Build.0 = Debug|Any CPU
		{633175DD-D3F6-493B-A184-4CFAE19FEAF0}.Debug|x64.ActiveCfg = Debug|Any CPU
		{633175DD-D3F6-493B-A184-4CFAE19FEAF0}.Debug|x64.Build.0 = Debug|Any CPU
		{633175DD-D3F6-493B-A184-4CFAE19FEAF0}.Debug|x86.ActiveCfg = Debug|Any CPU
		{633175DD-D3F6-493B-A184-4CFAE19FEAF0}.Debug|x86.Build.0 = Debug|Any CPU
		{633175DD-D3F6-493B-A184-4CFAE19FEAF0}.Release|Any CPU.ActiveCfg = Release|Any CPU
		{633175DD-D3F6-493B-A184-4CFAE19FEAF0}.Release|Any CPU.Build.0 = Release|Any CPU
		{633175DD-D3F6-493B-A184-4CFAE19FEAF0}.Release|x64.ActiveCfg = Release|Any CPU
		{633175DD-D3F6-493B-A184-4CFAE19FEAF0}.Release|x64.Build.0 = Release|Any CPU
		{633175DD-D3F6-493B-A184-4CFAE19FEAF0}.Release|x86.ActiveCfg = Release|Any CPU
		{633175DD-D3F6-493B-A184-4CFAE19FEAF0}.Release|x86.Build.0 = Release|Any CPU
	EndGlobalSection
	GlobalSection(SolutionProperties) = preSolution
		HideSolutionNode = FALSE
	EndGlobalSection
	GlobalSection(NestedProjects) = preSolution
		{A30AC2DF-400E-46E2-92F9-F5699C86AF2E} = {827E0CD3-B72D-47B6-A68D-7590B98EB39B}
		{46397FC1-BA0A-4A2C-9D05-AE82AECB4860} = {827E0CD3-B72D-47B6-A68D-7590B98EB39B}
		{E7722D6C-4C0B-4B2D-B9E3-647481092E86} = {827E0CD3-B72D-47B6-A68D-7590B98EB39B}
		{F3155499-8314-45B0-B29C-F21DB11B3868} = {827E0CD3-B72D-47B6-A68D-7590B98EB39B}
		{D2847566-89FD-43FE-9DDC-DBD5AC6FD71F} = {827E0CD3-B72D-47B6-A68D-7590B98EB39B}
		{1D7136F2-A257-408F-BD5D-99A3E238E909} = {827E0CD3-B72D-47B6-A68D-7590B98EB39B}
		{33AE2045-A785-42D3-9DFF-8A1C7569780E} = {827E0CD3-B72D-47B6-A68D-7590B98EB39B}
		{E6E53A16-5C50-4482-8EF9-A46893BEBEC9} = {827E0CD3-B72D-47B6-A68D-7590B98EB39B}
		{633175DD-D3F6-493B-A184-4CFAE19FEAF0} = {827E0CD3-B72D-47B6-A68D-7590B98EB39B}
	EndGlobalSection
EndGlobal
